{
  "name": "cat-mouse-game",
  "lockfileVersion": 2,
  "requires": true,
  "packages": {
    "": {
      "dependencies": {
        "easytimer.js": "^4.4.0"
      }
    },
    "node_modules/easytimer.js": {
      "version": "4.4.0",
      "resolved": "https://registry.npmjs.org/easytimer.js/-/easytimer.js-4.4.0.tgz",
      "integrity": "sha512-2pow104DQHvlrct7oZczXOa7H4T0MqIr7Dd8qXrJ3dJHnnuxF6Fe37hYq9WLyKfxjrYmpEt0XRj0dY9pdo1VcQ=="
    }
  },
  "dependencies": {
    "easytimer.js": {
      "version": "4.4.0",
      "resolved": "https://registry.npmjs.org/easytimer.js/-/easytimer.js-4.4.0.tgz",
      "integrity": "sha512-2pow104DQHvlrct7oZczXOa7H4T0MqIr7Dd8qXrJ3dJHnnuxF6Fe37hYq9WLyKfxjrYmpEt0XRj0dY9pdo1VcQ=="
    }
  }
}
